Microsoft Visual Studio Solution File, Format Version 12.00
# Visual Studio 15
VisualStudioVersion = 15.0.26228.9
MinimumVisualStudioVersion = 10.0.40219.1
Project("{FAE04EC0-301F-11D3-BF4B-00C04F79EFBC}") = "vuecore", "vuecore\vuecore.csproj", "{8919FF9F-3A98-4CE8-BA4E-7AF7FA02255F}"
EndProject
Project("{FAE04EC0-301F-11D3-BF4B-00C04F79EFBC}") = "transform", "transform\transform.csproj", "{4251E613-A01E-4336-8664-D617512A6F71}"
EndProject
Global
	GlobalSection(SolutionConfigurationPlatforms) = preSolution
		Debug|Any CPU = Debug|Any CPU
		Debug|x64 = Debug|x64
		Debug|x86 = Debug|x86
		Release|Any CPU = Release|Any CPU
		Release|x64 = Release|x64
		Release|x86 = Release|x86
	EndGlobalSection
	GlobalSection(ProjectConfigurationPlatforms) = postSolution
		{8919FF9F-3A98-4CE8-BA4E-7AF7FA02255F}.Debug|Any CPU.ActiveCfg = Debug|Any CPU
		{8919FF9F-3A98-4CE8-BA4E-7AF7FA02255F}.Debug|Any CPU.Build.0 = Debug|Any CPU
		{8919FF9F-3A98-4CE8-BA4E-7AF7FA02255F}.Debug|x64.ActiveCfg = Debug|Any CPU
		{8919FF9F-3A98-4CE8-BA4E-7AF7FA02255F}.Debug|x86.ActiveCfg = Debug|Any CPU
		{8919FF9F-3A98-4CE8-BA4E-7AF7FA02255F}.Release|Any CPU.ActiveCfg = Release|Any CPU
		{8919FF9F-3A98-4CE8-BA4E-7AF7FA02255F}.Release|Any CPU.Build.0 = Release|Any CPU
		{8919FF9F-3A98-4CE8-BA4E-7AF7FA02255F}.Release|x64.ActiveCfg = Release|Any CPU
		{8919FF9F-3A98-4CE8-BA4E-7AF7FA02255F}.Release|x86.ActiveCfg = Release|Any CPU
		{4251E613-A01E-4336-8664-D617512A6F71}.Debug|Any CPU.ActiveCfg = Debug|Any CPU
		{4251E613-A01E-4336-8664-D617512A6F71}.Debug|Any CPU.Build.0 = Debug|Any CPU
		{4251E613-A01E-4336-8664-D617512A6F71}.Debug|x64.ActiveCfg = Debug|Any CPU
		{4251E613-A01E-4336-8664-D617512A6F71}.Debug|x86.ActiveCfg = Debug|Any CPU
		{4251E613-A01E-4336-8664-D617512A6F71}.Release|Any CPU.ActiveCfg = Release|Any CPU
		{4251E613-A01E-4336-8664-D617512A6F71}.Release|Any CPU.Build.0 = Release|Any CPU
		{4251E613-A01E-4336-8664-D617512A6F71}.Release|x64.ActiveCfg = Release|Any CPU
		{4251E613-A01E-4336-8664-D617512A6F71}.Release|x86.ActiveCfg = Release|Any CPU
		{565D515F-AF71-40C0-B87A-B27929697A93}.Debug|Any CPU.ActiveCfg = Debug|Any CPU
		{565D515F-AF71-40C0-B87A-B27929697A93}.Debug|Any CPU.Build.0 = Debug|Any CPU
		{565D515F-AF71-40C0-B87A-B27929697A93}.Debug|x64.ActiveCfg = Debug|Any CPU
		{565D515F-AF71-40C0-B87A-B27929697A93}.Debug|x64.Build.0 = Debug|Any CPU
		{565D515F-AF71-40C0-B87A-B27929697A93}.Debug|x86.ActiveCfg = Debug|Any CPU
		{565D515F-AF71-40C0-B87A-B27929697A93}.Debug|x86.Build.0 = Debug|Any CPU
		{565D515F-AF71-40C0-B87A-B27929697A93}.Release|Any CPU.ActiveCfg = Release|Any CPU
		{565D515F-AF71-40C0-B87A-B27929697A93}.Release|Any CPU.Build.0 = Release|Any CPU
		{565D515F-AF71-40C0-B87A-B27929697A93}.Release|x64.ActiveCfg = Release|Any CPU
		{565D515F-AF71-40C0-B87A-B27929697A93}.Release|x64.Build.0 = Release|Any CPU
		{565D515F-AF71-40C0-B87A-B27929697A93}.Release|x86.ActiveCfg = Release|Any CPU
		{565D515F-AF71-40C0-B87A-B27929697A93}.Release|x86.Build.0 = Release|Any CPU
		{BE4FB294-1537-4E65-B840-5F14E5A11961}.Debug|Any CPU.ActiveCfg = Debug|Any CPU
		{BE4FB294-1537-4E65-B840-5F14E5A11961}.Debug|Any CPU.Build.0 = Debug|Any CPU
		{BE4FB294-1537-4E65-B840-5F14E5A11961}.Debug|x64.ActiveCfg = Debug|Any CPU
		{BE4FB294-1537-4E65-B840-5F14E5A11961}.Debug|x64.Build.0 = Debug|Any CPU
		{BE4FB294-1537-4E65-B840-5F14E5A11961}.Debug|x86.ActiveCfg = Debug|Any CPU
		{BE4FB294-1537-4E65-B840-5F14E5A11961}.Debug|x86.Build.0 = Debug|Any CPU
		{BE4FB294-1537-4E65-B840-5F14E5A11961}.Release|Any CPU.ActiveCfg = Release|Any CPU
		{BE4FB294-1537-4E65-B840-5F14E5A11961}.Release|Any CPU.Build.0 = Release|Any CPU
		{BE4FB294-1537-4E65-B840-5F14E5A11961}.Release|x64.ActiveCfg = Release|Any CPU
		{BE4FB294-1537-4E65-B840-5F14E5A11961}.Release|x64.Build.0 = Release|Any CPU
		{BE4FB294-1537-4E65-B840-5F14E5A11961}.Release|x86.ActiveCfg = Release|Any CPU
		{BE4FB294-1537-4E65-B840-5F14E5A11961}.Release|x86.Build.0 = Release|Any CPU
	EndGlobalSection
	GlobalSection(SolutionProperties) = preSolution
		HideSolutionNode = FALSE
	EndGlobalSection
EndGlobal
